%{"amqp": {:hex, :amqp, "0.1.4", "5d9112c3a850234559073c23fda173364dfd11d8ce8d0138cd46f653fdc55f08", [:mix], [{:amqp_client, ">= 3.5.6", [hex: :amqp_client, optional: false]}]},
  "amqp_client": {:git, "https://github.com/dsrosario/amqp_client.git", "3b3086534875c783803fcef7c5befaddd57a4561", [branch: "erlang_otp_19"]},
  "json": {:hex, :json, "0.3.3", "373eb4f7321f898ad6772999f30daf65f9f38e1d3dd4d798d7a82d3b123fe1d3", [:mix], []},
  "rabbit_common": {:git, "https://github.com/jbrisbin/rabbit_common.git", "eea16abd375981d16595d2cefaac893c7281187b", [tag: "rabbitmq-3.5.6"]}}
